// !$*UTF8*$!
{
	archiveVersion = 1;
	classes = {
	};
	objectVersion = 56;
	objects = {

/* Begin PBXBuildFile section */
		A10000000000000000000001 /* ZenArcadeApp.swift in Sources */ = {isa = PBXBuildFile; fileRef = A20000000000000000000001 /* ZenArcadeApp.swift */; };
		A10000000000000000000002 /* Theme.swift in Sources */ = {isa = PBXBuildFile; fileRef = A20000000000000000000002 /* Theme.swift */; };
		A10000000000000000000003 /* HexColor.swift in Sources */ = {isa = PBXBuildFile; fileRef = A20000000000000000000003 /* HexColor.swift */; };
		A10000000000000000000004 /* CardView.swift in Sources */ = {isa = PBXBuildFile; fileRef = A20000000000000000000004 /* CardView.swift */; };
		A10000000000000000000005 /* StarBackground.swift in Sources */ = {isa = PBXBuildFile; fileRef = A20000000000000000000005 /* StarBackground.swift */; };
		A10000000000000000000006 /* NavigationHeader.swift in Sources */ = {isa = PBXBuildFile; fileRef = A20000000000000000000006 /* NavigationHeader.swift */; };
		A10000000000000000000007 /* PrimaryButton.swift in Sources */ = {isa = PBXBuildFile; fileRef = A20000000000000000000007 /* PrimaryButton.swift */; };
		A10000000000000000000008 /* AppRouter.swift in Sources */ = {isa = PBXBuildFile; fileRef = A20000000000000000000008 /* AppRouter.swift */; };
		A10000000000000000000009 /* MenuView.swift in Sources */ = {isa = PBXBuildFile; fileRef = A20000000000000000000009 /* MenuView.swift */; };
		A10000000000000000000010 /* GameOverView.swift in Sources */ = {isa = PBXBuildFile; fileRef = A20000000000000000000010 /* GameOverView.swift */; };
		A10000000000000000000011 /* YouVsAIView.swift in Sources */ = {isa = PBXBuildFile; fileRef = A20000000000000000000011 /* YouVsAIView.swift */; };
		A10000000000000000000012 /* YouVsAIViewModel.swift in Sources */ = {isa = PBXBuildFile; fileRef = A20000000000000000000012 /* YouVsAIViewModel.swift */; };
		A10000000000000000000013 /* YouVsAIGameModels.swift in Sources */ = {isa = PBXBuildFile; fileRef = A20000000000000000000013 /* YouVsAIGameModels.swift */; };
		A10000000000000000000014 /* WordSearchView.swift in Sources */ = {isa = PBXBuildFile; fileRef = A20000000000000000000014 /* WordSearchView.swift */; };
		A10000000000000000000015 /* WordSearchViewModel.swift in Sources */ = {isa = PBXBuildFile; fileRef = A20000000000000000000015 /* WordSearchViewModel.swift */; };
		A10000000000000000000016 /* WordSearchModels.swift in Sources */ = {isa = PBXBuildFile; fileRef = A20000000000000000000016 /* WordSearchModels.swift */; };
		A10000000000000000000017 /* WordGridView.swift in Sources */ = {isa = PBXBuildFile; fileRef = A20000000000000000000017 /* WordGridView.swift */; };
		A10000000000000000000018 /* WordSelectionGesture.swift in Sources */ = {isa = PBXBuildFile; fileRef = A20000000000000000000018 /* WordSelectionGesture.swift */; };
		A10000000000000000000019 /* WordLibrary.swift in Sources */ = {isa = PBXBuildFile; fileRef = A20000000000000000000019 /* WordLibrary.swift */; };
		A10000000000000000000020 /* Assets.xcassets in Resources */ = {isa = PBXBuildFile; fileRef = A20000000000000000000020 /* Assets.xcassets */; };
/* End PBXBuildFile section */

/* Begin PBXFileReference section */
		A20000000000000000000001 /* ZenArcadeApp.swift */ = {isa = PBXFileReference; lastKnownFileType = sourcecode.swift; path = ZenArcadeApp.swift; sourceTree = "<group>"; };
		A20000000000000000000002 /* Theme.swift */ = {isa = PBXFileReference; lastKnownFileType = sourcecode.swift; path = Theme.swift; sourceTree = "<group>"; };
		A20000000000000000000003 /* HexColor.swift */ = {isa = PBXFileReference; lastKnownFileType = sourcecode.swift; path = HexColor.swift; sourceTree = "<group>"; };
		A20000000000000000000004 /* CardView.swift */ = {isa = PBXFileReference; lastKnownFileType = sourcecode.swift; path = CardView.swift; sourceTree = "<group>"; };
		A20000000000000000000005 /* StarBackground.swift */ = {isa = PBXFileReference; lastKnownFileType = sourcecode.swift; path = StarBackground.swift; sourceTree = "<group>"; };
		A20000000000000000000006 /* NavigationHeader.swift */ = {isa = PBXFileReference; lastKnownFileType = sourcecode.swift; path = NavigationHeader.swift; sourceTree = "<group>"; };
		A20000000000000000000007 /* PrimaryButton.swift */ = {isa = PBXFileReference; lastKnownFileType = sourcecode.swift; path = PrimaryButton.swift; sourceTree = "<group>"; };
		A20000000000000000000008 /* AppRouter.swift */ = {isa = PBXFileReference; lastKnownFileType = sourcecode.swift; path = AppRouter.swift; sourceTree = "<group>"; };
		A20000000000000000000009 /* MenuView.swift */ = {isa = PBXFileReference; lastKnownFileType = sourcecode.swift; path = MenuView.swift; sourceTree = "<group>"; };
		A20000000000000000000010 /* GameOverView.swift */ = {isa = PBXFileReference; lastKnownFileType = sourcecode.swift; path = GameOverView.swift; sourceTree = "<group>"; };
		A20000000000000000000011 /* YouVsAIView.swift */ = {isa = PBXFileReference; lastKnownFileType = sourcecode.swift; path = YouVsAIView.swift; sourceTree = "<group>"; };
		A20000000000000000000012 /* YouVsAIViewModel.swift */ = {isa = PBXFileReference; lastKnownFileType = sourcecode.swift; path = YouVsAIViewModel.swift; sourceTree = "<group>"; };
		A20000000000000000000013 /* YouVsAIGameModels.swift */ = {isa = PBXFileReference; lastKnownFileType = sourcecode.swift; path = YouVsAIGameModels.swift; sourceTree = "<group>"; };
		A20000000000000000000014 /* WordSearchView.swift */ = {isa = PBXFileReference; lastKnownFileType = sourcecode.swift; path = WordSearchView.swift; sourceTree = "<group>"; };
		A20000000000000000000015 /* WordSearchViewModel.swift */ = {isa = PBXFileReference; lastKnownFileType = sourcecode.swift; path = WordSearchViewModel.swift; sourceTree = "<group>"; };
		A20000000000000000000016 /* WordSearchModels.swift */ = {isa = PBXFileReference; lastKnownFileType = sourcecode.swift; path = WordSearchModels.swift; sourceTree = "<group>"; };
		A20000000000000000000017 /* WordGridView.swift */ = {isa = PBXFileReference; lastKnownFileType = sourcecode.swift; path = WordGridView.swift; sourceTree = "<group>"; };
		A20000000000000000000018 /* WordSelectionGesture.swift */ = {isa = PBXFileReference; lastKnownFileType = sourcecode.swift; path = WordSelectionGesture.swift; sourceTree = "<group>"; };
		A20000000000000000000019 /* WordLibrary.swift */ = {isa = PBXFileReference; lastKnownFileType = sourcecode.swift; path = WordLibrary.swift; sourceTree = "<group>"; };
		A20000000000000000000020 /* Assets.xcassets */ = {isa = PBXFileReference; lastKnownFileType = folder.assetcatalog; path = Assets.xcassets; sourceTree = "<group>"; };
		A30000000000000000000001 /* ZenArcade.app */ = {isa = PBXFileReference; explicitFileType = wrapper.application; includeInIndex = 0; path = ZenArcade.app; sourceTree = BUILT_PRODUCTS_DIR; };
/* End PBXFileReference section */

/* Begin PBXFrameworksBuildPhase section */
		A40000000000000000000001 /* Frameworks */ = {
			isa = PBXFrameworksBuildPhase;
			buildActionMask = 2147483647;
			files = (
			);
			runOnlyForDeploymentPostprocessing = 0;
		};
/* End PBXFrameworksBuildPhase section */

/* Begin PBXGroup section */
		A50000000000000000000001 = {
			isa = PBXGroup;
			children = (
				A50000000000000000000002 /* ZenArcade */,
				A50000000000000000000003 /* Products */,
			);
			sourceTree = "<group>";
		};
		A50000000000000000000002 /* ZenArcade */ = {
			isa = PBXGroup;
			children = (
				A20000000000000000000001 /* ZenArcadeApp.swift */,
				A50000000000000000000004 /* Theme */,
				A50000000000000000000005 /* Components */,
				A50000000000000000000006 /* Navigation */,
				A50000000000000000000007 /* Screens */,
				A50000000000000000000008 /* Games */,
				A20000000000000000000020 /* Assets.xcassets */,
			);
			path = ZenArcade;
			sourceTree = "<group>";
		};
		A50000000000000000000003 /* Products */ = {
			isa = PBXGroup;
			children = (
				A30000000000000000000001 /* ZenArcade.app */,
			);
			name = Products;
			sourceTree = "<group>";
		};
		A50000000000000000000004 /* Theme */ = {
			isa = PBXGroup;
			children = (
				A20000000000000000000002 /* Theme.swift */,
				A20000000000000000000003 /* HexColor.swift */,
			);
			path = Theme;
			sourceTree = "<group>";
		};
		A50000000000000000000005 /* Components */ = {
			isa = PBXGroup;
			children = (
				A20000000000000000000004 /* CardView.swift */,
				A20000000000000000000005 /* StarBackground.swift */,
				A20000000000000000000006 /* NavigationHeader.swift */,
				A20000000000000000000007 /* PrimaryButton.swift */,
			);
			path = Components;
			sourceTree = "<group>";
		};
		A50000000000000000000006 /* Navigation */ = {
			isa = PBXGroup;
			children = (
				A20000000000000000000008 /* AppRouter.swift */,
			);
			path = Navigation;
			sourceTree = "<group>";
		};
		A50000000000000000000007 /* Screens */ = {
			isa = PBXGroup;
			children = (
				A20000000000000000000009 /* MenuView.swift */,
				A20000000000000000000010 /* GameOverView.swift */,
			);
			path = Screens;
			sourceTree = "<group>";
		};
		A50000000000000000000008 /* Games */ = {
			isa = PBXGroup;
			children = (
				A50000000000000000000009 /* YouVsAI */,
				A50000000000000000000010 /* WordSearch */,
			);
			path = Games;
			sourceTree = "<group>";
		};
		A50000000000000000000009 /* YouVsAI */ = {
			isa = PBXGroup;
			children = (
				A20000000000000000000011 /* YouVsAIView.swift */,
				A20000000000000000000012 /* YouVsAIViewModel.swift */,
				A20000000000000000000013 /* YouVsAIGameModels.swift */,
			);
			path = YouVsAI;
			sourceTree = "<group>";
		};
		A50000000000000000000010 /* WordSearch */ = {
			isa = PBXGroup;
			children = (
				A20000000000000000000014 /* WordSearchView.swift */,
				A20000000000000000000015 /* WordSearchViewModel.swift */,
				A20000000000000000000016 /* WordSearchModels.swift */,
				A20000000000000000000017 /* WordGridView.swift */,
				A20000000000000000000018 /* WordSelectionGesture.swift */,
				A20000000000000000000019 /* WordLibrary.swift */,
			);
			path = WordSearch;
			sourceTree = "<group>";
		};
/* End PBXGroup section */

/* Begin PBXNativeTarget section */
		A60000000000000000000001 /* ZenArcade */ = {
			isa = PBXNativeTarget;
			buildConfigurationList = A80000000000000000000001 /* Build configuration list for PBXNativeTarget "ZenArcade" */;
			buildPhases = (
				A70000000000000000000001 /* Sources */,
				A40000000000000000000001 /* Frameworks */,
				A70000000000000000000002 /* Resources */,
			);
			buildRules = (
			);
			dependencies = (
			);
			name = ZenArcade;
			productName = ZenArcade;
			productReference = A30000000000000000000001 /* ZenArcade.app */;
			productType = "com.apple.product-type.application";
		};
/* End PBXNativeTarget section */

/* Begin PBXProject section */
		A90000000000000000000001 /* Project object */ = {
			isa = PBXProject;
			attributes = {
				BuildIndependentTargetsInParallel = 1;
				LastSwiftUpdateCheck = 1500;
				LastUpgradeCheck = 1500;
				TargetAttributes = {
					A60000000000000000000001 = {
						CreatedOnToolsVersion = 15.0;
					};
				};
			};
			buildConfigurationList = A80000000000000000000002 /* Build configuration list for PBXProject "ZenArcade" */;
			compatibilityVersion = "Xcode 14.0";
			developmentRegion = en;
			hasScannedForEncodings = 0;
			knownRegions = (
				en,
				Base,
			);
			mainGroup = A50000000000000000000001;
			productRefGroup = A50000000000000000000003 /* Products */;
			projectDirPath = "";
			projectRoot = "";
			targets = (
				A60000000000000000000001 /* ZenArcade */,
			);
		};
/* End PBXProject section */

/* Begin PBXResourcesBuildPhase section */
		A70000000000000000000002 /* Resources */ = {
			isa = PBXResourcesBuildPhase;
			buildActionMask = 2147483647;
			files = (
				A10000000000000000000020 /* Assets.xcassets in Resources */,
			);
			runOnlyForDeploymentPostprocessing = 0;
		};
/* End PBXResourcesBuildPhase section */

/* Begin PBXSourcesBuildPhase section */
		A70000000000000000000001 /* Sources */ = {
			isa = PBXSourcesBuildPhase;
			buildActionMask = 2147483647;
			files = (
				A10000000000000000000001 /* ZenArcadeApp.swift in Sources */,
				A10000000000000000000002 /* Theme.swift in Sources */,
				A10000000000000000000003 /* HexColor.swift in Sources */,
				A10000000000000000000004 /* CardView.swift in Sources */,
				A10000000000000000000005 /* StarBackground.swift in Sources */,
				A10000000000000000000006 /* NavigationHeader.swift in Sources */,
				A10000000000000000000007 /* PrimaryButton.swift in Sources */,
				A10000000000000000000008 /* AppRouter.swift in Sources */,
				A10000000000000000000009 /* MenuView.swift in Sources */,
				A10000000000000000000010 /* GameOverView.swift in Sources */,
				A10000000000000000000011 /* YouVsAIView.swift in Sources */,
				A10000000000000000000012 /* YouVsAIViewModel.swift in Sources */,
				A10000000000000000000013 /* YouVsAIGameModels.swift in Sources */,
				A10000000000000000000014 /* WordSearchView.swift in Sources */,
				A10000000000000000000015 /* WordSearchViewModel.swift in Sources */,
				A10000000000000000000016 /* WordSearchModels.swift in Sources */,
				A10000000000000000000017 /* WordGridView.swift in Sources */,
				A10000000000000000000018 /* WordSelectionGesture.swift in Sources */,
				A10000000000000000000019 /* WordLibrary.swift in Sources */,
			);
			runOnlyForDeploymentPostprocessing = 0;
		};
/* End PBXSourcesBuildPhase section */

/* Begin XCBuildConfiguration section */
		B10000000000000000000001 /* Debug */ = {
			isa = XCBuildConfiguration;
			buildSettings = {
				ALWAYS_SEARCH_USER_PATHS = NO;
				ASSETCATALOG_COMPILER_GENERATE_SWIFT_ASSET_SYMBOL_EXTENSIONS = YES;
				CLANG_ANALYZER_NONNULL = YES;
				CLANG_ANALYZER_NUMBER_OBJECT_CONVERSION = YES_AGGRESSIVE;
				CLANG_CXX_LANGUAGE_STANDARD = "gnu++20";
				CLANG_ENABLE_MODULES = YES;
				CLANG_ENABLE_OBJC_ARC = YES;
				CLANG_ENABLE_OBJC_WEAK = YES;
				CLANG_WARN_BLOCK_CAPTURE_AUTORELEASING = YES;
				CLANG_WARN_BOOL_CONVERSION = YES;
				CLANG_WARN_COMMA = YES;
				CLANG_WARN_CONSTANT_CONVERSION = YES;
				CLANG_WARN_DEPRECATED_OBJC_IMPLEMENTATIONS = YES;
				CLANG_WARN_DIRECT_OBJC_ISA_USAGE = YES_ERROR;
				CLANG_WARN_DOCUMENTATION_COMMENTS = YES;
				CLANG_WARN_EMPTY_BODY = YES;
				CLANG_WARN_ENUM_CONVERSION = YES;
				CLANG_WARN_INFINITE_RECURSION = YES;
				CLANG_WARN_INT_CONVERSION = YES;
				CLANG_WARN_NON_LITERAL_NULL_CONVERSION = YES;
				CLANG_WARN_OBJC_IMPLICIT_RETAIN_SELF = YES;
				CLANG_WARN_OBJC_LITERAL_CONVERSION = YES;
				CLANG_WARN_OBJC_ROOT_CLASS = YES_ERROR;
				CLANG_WARN_QUOTED_INCLUDE_IN_FRAMEWORK_HEADER = YES;
				CLANG_WARN_RANGE_LOOP_ANALYSIS = YES;
				CLANG_WARN_STRICT_PROTOTYPES = YES;
				CLANG_WARN_SUSPICIOUS_MOVE = YES;
				CLANG_WARN_UNGUARDED_AVAILABILITY = YES_AGGRESSIVE;
				CLANG_WARN_UNREACHABLE_CODE = YES;
				CLANG_WARN__DUPLICATE_METHOD_MATCH = YES;
				COPY_PHASE_STRIP = NO;
				DEBUG_INFORMATION_FORMAT = dwarf;
				ENABLE_STRICT_OBJC_MSGSEND = YES;
				ENABLE_TESTABILITY = YES;
				ENABLE_USER_SCRIPT_SANDBOXING = YES;
				GCC_C_LANGUAGE_STANDARD = gnu17;
				GCC_DYNAMIC_NO_PIC = NO;
				GCC_NO_COMMON_BLOCKS = YES;
				GCC_OPTIMIZATION_LEVEL = 0;
				GCC_PREPROCESSOR_DEFINITIONS = (
					"DEBUG=1",
					"$(inherited)",
				);
				GCC_WARN_64_TO_32_BIT_CONVERSION = YES;
				GCC_WARN_ABOUT_RETURN_TYPE = YES_ERROR;
				GCC_WARN_UNDECLARED_SELECTOR = YES;
				GCC_WARN_UNINITIALIZED_AUTOS = YES_AGGRESSIVE;
				GCC_WARN_UNUSED_FUNCTION = YES;
				GCC_WARN_UNUSED_VARIABLE = YES;
				IPHONEOS_DEPLOYMENT_TARGET = 17.0;
				LOCALIZATION_PREFERS_STRING_CATALOGS = YES;
				MTL_ENABLE_DEBUG_INFO = INCLUDE_SOURCE;
				MTL_FAST_MATH = YES;
				ONLY_ACTIVE_ARCH = YES;
				SDKROOT = iphoneos;
				SWIFT_ACTIVE_COMPILATION_CONDITIONS = "DEBUG $(inherited)";
				SWIFT_OPTIMIZATION_LEVEL = "-Onone";
			};
			name = Debug;
		};
		B10000000000000000000002 /* Release */ = {
			isa = XCBuildConfiguration;
			buildSettings = {
				ALWAYS_SEARCH_USER_PATHS = NO;
				ASSETCATALOG_COMPILER_GENERATE_SWIFT_ASSET_SYMBOL_EXTENSIONS = YES;
				CLANG_ANALYZER_NONNULL = YES;
				CLANG_ANALYZER_NUMBER_OBJECT_CONVERSION = YES_AGGRESSIVE;
				CLANG_CXX_LANGUAGE_STANDARD = "gnu++20";
				CLANG_ENABLE_MODULES = YES;
				CLANG_ENABLE_OBJC_ARC = YES;
				CLANG_ENABLE_OBJC_WEAK = YES;
				CLANG_WARN_BLOCK_CAPTURE_AUTORELEASING = YES;
				CLANG_WARN_BOOL_CONVERSION = YES;
				CLANG_WARN_COMMA = YES;
				CLANG_WARN_CONSTANT_CONVERSION = YES;
				CLANG_WARN_DEPRECATED_OBJC_IMPLEMENTATIONS = YES;
				CLANG_WARN_DIRECT_OBJC_ISA_USAGE = YES_ERROR;
				CLANG_WARN_DOCUMENTATION_COMMENTS = YES;
				CLANG_WARN_EMPTY_BODY = YES;
				CLANG_WARN_ENUM_CONVERSION = YES;
				CLANG_WARN_INFINITE_RECURSION = YES;
				CLANG_WARN_INT_CONVERSION = YES;
				CLANG_WARN_NON_LITERAL_NULL_CONVERSION = YES;
				CLANG_WARN_OBJC_IMPLICIT_RETAIN_SELF = YES;
				CLANG_WARN_OBJC_LITERAL_CONVERSION = YES;
				CLANG_WARN_OBJC_ROOT_CLASS = YES_ERROR;
				CLANG_WARN_QUOTED_INCLUDE_IN_FRAMEWORK_HEADER = YES;
				CLANG_WARN_RANGE_LOOP_ANALYSIS = YES;
				CLANG_WARN_STRICT_PROTOTYPES = YES;
				CLANG_WARN_SUSPICIOUS_MOVE = YES;
				CLANG_WARN_UNGUARDED_AVAILABILITY = YES_AGGRESSIVE;
				CLANG_WARN_UNREACHABLE_CODE = YES;
				CLANG_WARN__DUPLICATE_METHOD_MATCH = YES;
				COPY_PHASE_STRIP = NO;
				DEBUG_INFORMATION_FORMAT = "dwarf-with-dsym";
				ENABLE_NS_ASSERTIONS = NO;
				ENABLE_STRICT_OBJC_MSGSEND = YES;
				ENABLE_USER_SCRIPT_SANDBOXING = YES;
				GCC_C_LANGUAGE_STANDARD = gnu17;
				GCC_NO_COMMON_BLOCKS = YES;
				GCC_WARN_64_TO_32_BIT_CONVERSION = YES;
				GCC_WARN_ABOUT_RETURN_TYPE = YES_ERROR;
				GCC_WARN_UNDECLARED_SELECTOR = YES;
				GCC_WARN_UNINITIALIZED_AUTOS = YES_AGGRESSIVE;
				GCC_WARN_UNUSED_FUNCTION = YES;
				GCC_WARN_UNUSED_VARIABLE = YES;
				IPHONEOS_DEPLOYMENT_TARGET = 17.0;
				LOCALIZATION_PREFERS_STRING_CATALOGS = YES;
				MTL_ENABLE_DEBUG_INFO = NO;
				MTL_FAST_MATH = YES;
				SDKROOT = iphoneos;
				SWIFT_COMPILATION_MODE = wholemodule;
				VALIDATE_PRODUCT = YES;
			};
			name = Release;
		};
		B10000000000000000000003 /* Debug */ = {
			isa = XCBuildConfiguration;
			buildSettings = {
				ASSETCATALOG_COMPILER_APPICON_NAME = AppIcon;
				ASSETCATALOG_COMPILER_GLOBAL_ACCENT_COLOR_NAME = AccentColor;
				CODE_SIGN_STYLE = Automatic;
				CURRENT_PROJECT_VERSION = 1;
				DEVELOPMENT_ASSET_PATHS = "";
				ENABLE_PREVIEWS = YES;
				GENERATE_INFOPLIST_FILE = YES;
				INFOPLIST_KEY_UIApplicationSceneManifest_Generation = YES;
				INFOPLIST_KEY_UIApplicationSupportsIndirectInputEvents = YES;
				INFOPLIST_KEY_UILaunchScreen_Generation = YES;
				INFOPLIST_KEY_UISupportedInterfaceOrientations_iPad = "UIInterfaceOrientationPortrait UIInterfaceOrientationPortraitUpsideDown UIInterfaceOrientationLandscapeLeft UIInterfaceOrientationLandscapeRight";
				INFOPLIST_KEY_UISupportedInterfaceOrientations_iPhone = "UIInterfaceOrientationPortrait UIInterfaceOrientationLandscapeLeft UIInterfaceOrientationLandscapeRight";
				LD_RUNPATH_SEARCH_PATHS = (
					"$(inherited)",
					"@executable_path/Frameworks",
				);
				MARKETING_VERSION = 1.0;
				PRODUCT_BUNDLE_IDENTIFIER = com.unleeshed.ZenArcade;
				PRODUCT_NAME = "$(TARGET_NAME)";
				SWIFT_EMIT_LOC_STRINGS = YES;
				SWIFT_VERSION = 5.0;
				TARGETED_DEVICE_FAMILY = "1,2";
			};
			name = Debug;
		};
		B10000000000000000000004 /* Release */ = {
			isa = XCBuildConfiguration;
			buildSettings = {
				ASSETCATALOG_COMPILER_APPICON_NAME = AppIcon;
				ASSETCATALOG_COMPILER_GLOBAL_ACCENT_COLOR_NAME = AccentColor;
				CODE_SIGN_STYLE = Automatic;
				CURRENT_PROJECT_VERSION = 1;
				DEVELOPMENT_ASSET_PATHS = "";
				ENABLE_PREVIEWS = YES;
				GENERATE_INFOPLIST_FILE = YES;
				INFOPLIST_KEY_UIApplicationSceneManifest_Generation = YES;
				INFOPLIST_KEY_UIApplicationSupportsIndirectInputEvents = YES;
				INFOPLIST_KEY_UILaunchScreen_Generation = YES;
				INFOPLIST_KEY_UISupportedInterfaceOrientations_iPad = "UIInterfaceOrientationPortrait UIInterfaceOrientationPortraitUpsideDown UIInterfaceOrientationLandscapeLeft UIInterfaceOrientationLandscapeRight";
				INFOPLIST_KEY_UISupportedInterfaceOrientations_iPhone = "UIInterfaceOrientationPortrait UIInterfaceOrientationLandscapeLeft UIInterfaceOrientationLandscapeRight";
				LD_RUNPATH_SEARCH_PATHS = (
					"$(inherited)",
					"@executable_path/Frameworks",
				);
				MARKETING_VERSION = 1.0;
				PRODUCT_BUNDLE_IDENTIFIER = com.unleeshed.ZenArcade;
				PRODUCT_NAME = "$(TARGET_NAME)";
				SWIFT_EMIT_LOC_STRINGS = YES;
				SWIFT_VERSION = 5.0;
				TARGETED_DEVICE_FAMILY = "1,2";
			};
			name = Release;
		};
/* End XCBuildConfiguration section */

/* Begin XCConfigurationList section */
		A80000000000000000000001 /* Build configuration list for PBXNativeTarget "ZenArcade" */ = {
			isa = XCConfigurationList;
			buildConfigurations = (
				B10000000000000000000003 /* Debug */,
				B10000000000000000000004 /* Release */,
			);
			defaultConfigurationIsVisible = 0;
			defaultConfigurationName = Release;
		};
		A80000000000000000000002 /* Build configuration list for PBXProject "ZenArcade" */ = {
			isa = XCConfigurationList;
			buildConfigurations = (
				B10000000000000000000001 /* Debug */,
				B10000000000000000000002 /* Release */,
			);
			defaultConfigurationIsVisible = 0;
			defaultConfigurationName = Release;
		};
/* End XCConfigurationList section */
	};
	rootObject = A90000000000000000000001 /* Project object */;
}
